
Microsoft Visual Studio Solution File, Format Version 12.00
# Visual Studio Version 16
VisualStudioVersion = 16.0.29306.81
MinimumVisualStudioVersion = 10.0.40219.1
Project("{9A19103F-16F7-4668-BE54-9A1E7A4F7556}") = "SportsStore", "SportsStore\SportsStore.csproj", "{58F2983C-3F79-4AAA-AE5C-C4D071B38847}"
EndProject
Project("{9A19103F-16F7-4668-BE54-9A1E7A4F7556}") = "SportsStrore.Tests", "SportsStrore.Tests\SportsStrore.Tests.csproj", "{6FB48622-2015-4984-B0F0-4A0D6A643C5E}"
EndProject
Global
	GlobalSection(SolutionConfigurationPlatforms) = preSolution
		Debug|Any CPU = Debug|Any CPU
		Release|Any CPU = Release|Any CPU
	EndGlobalSection
	GlobalSection(ProjectConfigurationPlatforms) = postSolution
		{58F2983C-3F79-4AAA-AE5C-C4D071B38847}.Debug|Any CPU.ActiveCfg = Debug|Any CPU
		{58F2983C-3F79-4AAA-AE5C-C4D071B38847}.Debug|Any CPU.Build.0 = Debug|Any CPU
		{58F2983C-3F79-4AAA-AE5C-C4D071B38847}.Release|Any CPU.ActiveCfg = Release|Any CPU
		{58F2983C-3F79-4AAA-AE5C-C4D071B38847}.Release|Any CPU.Build.0 = Release|Any CPU
		{6FB48622-2015-4984-B0F0-4A0D6A643C5E}.Debug|Any CPU.ActiveCfg = Debug|Any CPU
		{6FB48622-2015-4984-B0F0-4A0D6A643C5E}.Debug|Any CPU.Build.0 = Debug|Any CPU
		{6FB48622-2015-4984-B0F0-4A0D6A643C5E}.Release|Any CPU.ActiveCfg = Release|Any CPU
		{6FB48622-2015-4984-B0F0-4A0D6A643C5E}.Release|Any CPU.Build.0 = Release|Any CPU
	EndGlobalSection
	GlobalSection(SolutionProperties) = preSolution
		HideSolutionNode = FALSE
	EndGlobalSection
	GlobalSection(ExtensibilityGlobals) = postSolution
		SolutionGuid = {61E42DCF-00CA-4E45-94E3-C6B4AD9AB415}
	EndGlobalSection
EndGlobal
